#MicroXplorer Configuration settings - do not modify
ADC1.Channel-0\#ChannelRegularConversion=ADC_CHANNEL_8
ADC1.IPParameters=Rank-0\#ChannelRegularConversion,Channel-0\#ChannelRegularConversion,SamplingTime-0\#ChannelRegularConversion,NbrOfConversionFlag,master
ADC1.NbrOfConversionFlag=1
ADC1.Rank-0\#ChannelRegularConversion=1
ADC1.SamplingTime-0\#ChannelRegularConversion=ADC_SAMPLETIME_3CYCLES
ADC1.master=1
ADC3.Channel-0\#ChannelRegularConversion=ADC_CHANNEL_4
ADC3.IPParameters=Rank-0\#ChannelRegularConversion,Channel-0\#ChannelRegularConversion,SamplingTime-0\#ChannelRegularConversion,NbrOfConversionFlag
ADC3.NbrOfConversionFlag=1
ADC3.Rank-0\#ChannelRegularConversion=1
ADC3.SamplingTime-0\#ChannelRegularConversion=ADC_SAMPLETIME_3CYCLES
FREERTOS.FootprintOK=true
FREERTOS.IPParameters=Tasks01,FootprintOK
FREERTOS.Tasks01=ControlLogic,0,128,startControlLogic,Default,NULL,Static,ControlLogicBuffer,ControlLogicControlBlock;Acquisition,3,128,startAcquisition,Default,NULL,Static,AcquisitionBuffer,AcquisitionControlBlock;Processing,0,128,startProcessing,Default,NULL,Static,ProcessingBuffer,ProcessingControlBlock;Monitoring,-2,128,startMonitoring,Default,NULL,Static,MonitoringBuffer,MonitoringControlBlock;Storage,2,128,startStorage,Default,NULL,Static,StorageBuffer,StorageControlBlock;Transmission,2,128,startTransmission,Default,NULL,Static,TransmissionBuffer,TransmissionControlBlock
File.Version=6
KeepUserPlacement=false
Mcu.Family=STM32F4
Mcu.IP0=ADC1
Mcu.IP1=ADC3
Mcu.IP10=USART6
Mcu.IP11=USB_OTG_FS
Mcu.IP2=FREERTOS
Mcu.IP3=I2C3
Mcu.IP4=NVIC
Mcu.IP5=RCC
Mcu.IP6=SPI1
Mcu.IP7=SPI3
Mcu.IP8=SYS
Mcu.IP9=USART2
Mcu.IPNb=12
Mcu.Name=STM32F429ZITx
Mcu.Package=LQFP144
Mcu.Pin0=PE2
Mcu.Pin1=PF1
Mcu.Pin10=PH1/OSC_OUT
Mcu.Pin11=PA0/WKUP
Mcu.Pin12=PA1
Mcu.Pin13=PA2
Mcu.Pin14=PA3
Mcu.Pin15=PA5
Mcu.Pin16=PA6
Mcu.Pin17=PA7
Mcu.Pin18=PC4
Mcu.Pin19=PC5
Mcu.Pin2=PF2
Mcu.Pin20=PB0
Mcu.Pin21=PB1
Mcu.Pin22=PF13
Mcu.Pin23=PF14
Mcu.Pin24=PF15
Mcu.Pin25=PG0
Mcu.Pin26=PG1
Mcu.Pin27=PE7
Mcu.Pin28=PE8
Mcu.Pin29=PE10
Mcu.Pin3=PF3
Mcu.Pin30=PE11
Mcu.Pin31=PE12
Mcu.Pin32=PE13
Mcu.Pin33=PE14
Mcu.Pin34=PE15
Mcu.Pin35=PB10
Mcu.Pin36=PB11
Mcu.Pin37=PB12
Mcu.Pin38=PB13
Mcu.Pin39=PB14
Mcu.Pin4=PF4
Mcu.Pin40=PB15
Mcu.Pin41=PD8
Mcu.Pin42=PD9
Mcu.Pin43=PD10
Mcu.Pin44=PD11
Mcu.Pin45=PD12
Mcu.Pin46=PD13
Mcu.Pin47=PG4
Mcu.Pin48=PC6
Mcu.Pin49=PC7
Mcu.Pin5=PF6
Mcu.Pin50=PC8
Mcu.Pin51=PC9
Mcu.Pin52=PA8
Mcu.Pin53=PA10
Mcu.Pin54=PA11
Mcu.Pin55=PA12
Mcu.Pin56=PA13
Mcu.Pin57=PA14
Mcu.Pin58=PC10
Mcu.Pin59=PC11
Mcu.Pin6=PF7
Mcu.Pin60=PC12
Mcu.Pin61=PD0
Mcu.Pin62=PD1
Mcu.Pin63=PD2
Mcu.Pin64=PB3
Mcu.Pin65=VP_FREERTOS_VS_CMSIS_V1
Mcu.Pin66=VP_SYS_VS_tim1
Mcu.Pin7=PF8
Mcu.Pin8=PF9
Mcu.Pin9=PH0/OSC_IN
Mcu.PinsNb=67
Mcu.ThirdPartyNb=0
Mcu.UserConstants=
Mcu.UserName=STM32F429ZITx
MxCube.Version=6.1.0
MxDb.Version=DB.6.0.10
NVIC.BusFault_IRQn=true\:0\:0\:false\:false\:true\:false\:false\:false
NVIC.DebugMonitor_IRQn=true\:0\:0\:false\:false\:true\:false\:false\:false
NVIC.ForceEnableDMAVector=true
NVIC.HardFault_IRQn=true\:0\:0\:false\:false\:true\:false\:false\:false
NVIC.MemoryManagement_IRQn=true\:0\:0\:false\:false\:true\:false\:false\:false
NVIC.NonMaskableInt_IRQn=true\:0\:0\:false\:false\:true\:false\:false\:false
NVIC.PendSV_IRQn=true\:15\:0\:false\:false\:false\:true\:false\:false
NVIC.PriorityGroup=NVIC_PRIORITYGROUP_4
NVIC.SVCall_IRQn=true\:0\:0\:false\:false\:false\:false\:false\:false
NVIC.SavedPendsvIrqHandlerGenerated=true
NVIC.SavedSvcallIrqHandlerGenerated=true
NVIC.SavedSystickIrqHandlerGenerated=true
NVIC.SysTick_IRQn=true\:15\:0\:false\:false\:false\:true\:false\:true
NVIC.TIM1_UP_TIM10_IRQn=true\:0\:0\:false\:false\:true\:false\:false\:true
NVIC.TimeBase=TIM1_UP_TIM10_IRQn
NVIC.TimeBaseIP=TIM1
NVIC.UsageFault_IRQn=true\:0\:0\:false\:false\:true\:false\:false\:false
PA0/WKUP.Mode=CTS_RTS
PA0/WKUP.Signal=USART2_CTS
PA1.Mode=CTS_RTS
PA1.Signal=USART2_RTS
PA10.Mode=OTG/Dual_Role_Device
PA10.Signal=USB_OTG_FS_ID
PA11.Mode=OTG/Dual_Role_Device
PA11.Signal=USB_OTG_FS_DM
PA12.Mode=OTG/Dual_Role_Device
PA12.Signal=USB_OTG_FS_DP
PA13.Locked=true
PA13.Signal=SYS_JTMS-SWDIO
PA14.Locked=true
PA14.Signal=SYS_JTCK-SWCLK
PA2.Mode=Asynchronous
PA2.Signal=USART2_TX
PA3.Mode=Asynchronous
PA3.Signal=USART2_RX
PA5.Mode=Full_Duplex_Master
PA5.Signal=SPI1_SCK
PA6.Mode=Full_Duplex_Master
PA6.Signal=SPI1_MISO
PA7.Mode=Full_Duplex_Master
PA7.Signal=SPI1_MOSI
PA8.Mode=I2C
PA8.Signal=I2C3_SCL
PB0.GPIOParameters=GPIO_Label
PB0.GPIO_Label=ACCEL_ANALOG
PB0.Locked=true
PB0.Signal=SharedAnalog_PB0
PB1.GPIOParameters=GPIO_Label
PB1.GPIO_Label=BATT_MEAS
PB1.Locked=true
PB1.Signal=SharedAnalog_PB1
PB10.GPIOParameters=GPIO_Label
PB10.GPIO_Label=US2-ST
PB10.Locked=true
PB10.Signal=GPIO_Output
PB11.GPIOParameters=GPIO_Label
PB11.GPIO_Label=US2-STATUS
PB11.Locked=true
PB11.Signal=GPIO_Input
PB12.Locked=true
PB12.Signal=GPIO_Output
PB13.Locked=true
PB13.Signal=GPIO_Output
PB14.Locked=true
PB14.Signal=GPIO_Output
PB15.Locked=true
PB15.Signal=GPIO_Output
PB3.Locked=true
PB3.Signal=SYS_JTDO-SWO
PC10.Mode=Full_Duplex_Master
PC10.Signal=SPI3_SCK
PC11.Mode=Full_Duplex_Master
PC11.Signal=SPI3_MISO
PC12.Mode=Full_Duplex_Master
PC12.Signal=SPI3_MOSI
PC4.GPIOParameters=GPIO_Label
PC4.GPIO_Label=CS1
PC4.Locked=true
PC4.Signal=GPIO_Output
PC5.GPIOParameters=GPIO_Label
PC5.GPIO_Label=CS2
PC5.Locked=true
PC5.Signal=GPIO_Output
PC6.Locked=true
PC6.Mode=Asynchronous
PC6.Signal=USART6_TX
PC7.Locked=true
PC7.Mode=Asynchronous
PC7.Signal=USART6_RX
PC8.GPIOParameters=GPIO_Label
PC8.GPIO_Label=ADC_ALERT
PC8.Locked=true
PC8.Signal=GPIO_Input
PC9.Mode=I2C
PC9.Signal=I2C3_SDA
PD0.GPIOParameters=GPIO_Label
PD0.GPIO_Label=CS3
PD0.Locked=true
PD0.Signal=GPIO_Output
PD1.GPIOParameters=GPIO_Label
PD1.GPIO_Label=WP
PD1.Locked=true
PD1.Signal=GPIO_Output
PD10.Locked=true
PD10.Signal=GPIO_Output
PD11.Locked=true
PD11.Signal=GPIO_Output
PD12.Locked=true
PD12.Signal=GPIO_Output
PD13.Locked=true
PD13.Signal=GPIO_Output
PD2.GPIOParameters=GPIO_Label
PD2.GPIO_Label=HOLD
PD2.Locked=true
PD2.Signal=GPIO_Output
PD8.Locked=true
PD8.Signal=GPIO_Output
PD9.Locked=true
PD9.Signal=GPIO_Output
PE10.GPIOParameters=GPIO_Label
PE10.GPIO_Label=SENSOR-NOMINAL
PE10.Locked=true
PE10.Signal=GPIO_Output
PE11.GPIOParameters=GPIO_Label
PE11.GPIO_Label=SENSOR-ERROR_GPIO
PE11.Locked=true
PE11.Signal=GPIO_Output
PE12.GPIOParameters=GPIO_Label
PE12.GPIO_Label=U1S-CHECK
PE12.Locked=true
PE12.Signal=GPIO_Output
PE13.GPIOParameters=GPIO_Label
PE13.GPIO_Label=U2S-CHECK
PE13.Locked=true
PE13.Signal=GPIO_Output
PE14.GPIOParameters=GPIO_Label
PE14.GPIO_Label=U3S-CHECK
PE14.Locked=true
PE14.Signal=GPIO_Output
PE15.GPIOParameters=GPIO_Label
PE15.GPIO_Label=U4S-CHECK
PE15.Locked=true
PE15.Signal=GPIO_Output
PE2.GPIOParameters=GPIO_Label
PE2.GPIO_Label=BUZZER_OUT
PE2.Locked=true
PE2.Signal=GPIO_Output
PE7.GPIOParameters=GPIO_Label
PE7.GPIO_Label=STORAGE-ERROR
PE7.Locked=true
PE7.Signal=GPIO_Output
PE8.GPIOParameters=GPIO_Label
PE8.GPIO_Label=ADC-ERROR
PE8.Locked=true
PE8.Signal=GPIO_Output
PF1.GPIOParameters=GPIO_Label
PF1.GPIO_Label=FIRE_A
PF1.Locked=true
PF1.Signal=GPIO_Output
PF13.GPIOParameters=GPIO_Label
PF13.GPIO_Label=ARMED-LED
PF13.Locked=true
PF13.Signal=GPIO_Output
PF14.GPIOParameters=GPIO_Label
PF14.GPIO_Label=CENTRAL-NOMINAL
PF14.Locked=true
PF14.Signal=GPIO_Output
PF15.GPIOParameters=GPIO_Label
PF15.GPIO_Label=CENTRAL-ERROR
PF15.Locked=true
PF15.Signal=GPIO_Output
PF2.GPIOParameters=GPIO_Label
PF2.GPIO_Label=FIRE_B
PF2.Locked=true
PF2.Signal=GPIO_Output
PF3.GPIOParameters=GPIO_Label
PF3.GPIO_Label=FIRE_C
PF3.Locked=true
PF3.Signal=GPIO_Output
PF4.GPIOParameters=GPIO_Label
PF4.GPIO_Label=FIRE_D
PF4.Locked=true
PF4.Signal=GPIO_Output
PF6.GPIOParameters=GPIO_Label
PF6.GPIO_Label=SENSE_A
PF6.Mode=IN4
PF6.Signal=ADC3_IN4
PF7.GPIOParameters=GPIO_Label
PF7.GPIO_Label=SENSE_B
PF7.Mode=IN5
PF7.Signal=ADC3_IN5
PF8.GPIOParameters=GPIO_Label
PF8.GPIO_Label=SENSE_C
PF8.Mode=IN6
PF8.Signal=ADC3_IN6
PF9.GPIOParameters=GPIO_Label
PF9.GPIO_Label=SENSE_D
PF9.Mode=IN7
PF9.Signal=ADC3_IN7
PG0.GPIOParameters=GPIO_Label
PG0.GPIO_Label=DROGUE-LED
PG0.Locked=true
PG0.Signal=GPIO_Output
PG1.GPIOParameters=GPIO_Label
PG1.GPIO_Label=MAIN-LED
PG1.Locked=true
PG1.Signal=GPIO_Output
PG4.GPIOParameters=GPIO_Label
PG4.GPIO_Label=DISARM_INPUT
PG4.Locked=true
PG4.Signal=GPIO_Input
PH0/OSC_IN.Mode=HSE-External-Oscillator
PH0/OSC_IN.Signal=RCC_OSC_IN
PH1/OSC_OUT.Mode=HSE-External-Oscillator
PH1/OSC_OUT.Signal=RCC_OSC_OUT
PinOutPanel.RotationAngle=0
ProjectManager.AskForMigrate=true
ProjectManager.BackupPrevious=false
ProjectManager.CompilerOptimize=6
ProjectManager.ComputerToolchain=false
ProjectManager.CoupleFile=false
ProjectManager.CustomerFirmwarePackage=
ProjectManager.DefaultFWLocation=true
ProjectManager.DeletePrevious=true
ProjectManager.DeviceId=STM32F429ZITx
ProjectManager.FirmwarePackage=STM32Cube FW_F4 V1.25.2
ProjectManager.FreePins=false
ProjectManager.HalAssertFull=false
ProjectManager.HeapSize=0x200
ProjectManager.KeepUserCode=true
ProjectManager.LastFirmware=true
ProjectManager.LibraryCopy=1
ProjectManager.MainLocation=Src
ProjectManager.NoMain=false
ProjectManager.PreviousToolchain=STM32CubeIDE
ProjectManager.ProjectBuild=false
ProjectManager.ProjectFileName=MITCH_2021.ioc
ProjectManager.ProjectName=MITCH_2021
ProjectManager.RegisterCallBack=
ProjectManager.StackSize=0x400
ProjectManager.TargetToolchain=STM32CubeIDE
ProjectManager.ToolChainLocation=
ProjectManager.UnderRoot=true
ProjectManager.functionlistsort=1-SystemClock_Config-RCC-false-HAL-false,2-MX_GPIO_Init-GPIO-false-HAL-true,3-MX_ADC3_Init-ADC3-false-HAL-true,4-MX_I2C3_Init-I2C3-false-HAL-true,5-MX_SPI1_Init-SPI1-false-HAL-true,6-MX_SPI3_Init-SPI3-false-HAL-true,7-MX_USART2_UART_Init-USART2-false-HAL-true,8-MX_USART6_UART_Init-USART6-false-HAL-true,9-MX_USB_OTG_FS_USB_Init-USB_OTG_FS-false-HAL-true,10-MX_ADC1_Init-ADC1-false-HAL-true
RCC.48MHZClocksFreq_Value=48000000
RCC.AHBFreq_Value=16000000
RCC.APB1Freq_Value=16000000
RCC.APB2Freq_Value=16000000
RCC.CortexFreq_Value=16000000
RCC.FamilyName=M
RCC.HSE_VALUE=8000000
RCC.HSI_VALUE=16000000
RCC.I2SClocksFreq_Value=192000000
RCC.IPParameters=48MHZClocksFreq_Value,AHBFreq_Value,APB1Freq_Value,APB2Freq_Value,CortexFreq_Value,FamilyName,HSE_VALUE,HSI_VALUE,I2SClocksFreq_Value,LCDTFTFreq_Value,LSE_VALUE,LSI_VALUE,PLLCLKFreq_Value,PLLM,PLLN,PLLQ,PLLQCLKFreq_Value,RTCFreq_Value,RTCHSEDivFreq_Value,SAI_AClocksFreq_Value,SAI_BClocksFreq_Value,SYSCLKFreq_VALUE,VCOI2SOutputFreq_Value,VCOInputFreq_Value,VCOOutputFreq_Value,VCOSAIOutputFreq_Value,VCOSAIOutputFreq_ValueQ,VCOSAIOutputFreq_ValueR,VcooutputI2S,VcooutputI2SQ
RCC.LCDTFTFreq_Value=24500000
RCC.LSE_VALUE=32768
RCC.LSI_VALUE=32000
RCC.PLLCLKFreq_Value=72000000
RCC.PLLM=4
RCC.PLLN=72
RCC.PLLQ=3
RCC.PLLQCLKFreq_Value=48000000
RCC.RTCFreq_Value=32000
RCC.RTCHSEDivFreq_Value=4000000
RCC.SAI_AClocksFreq_Value=24500000
RCC.SAI_BClocksFreq_Value=24500000
RCC.SYSCLKFreq_VALUE=16000000
RCC.VCOI2SOutputFreq_Value=384000000
RCC.VCOInputFreq_Value=2000000
RCC.VCOOutputFreq_Value=144000000
RCC.VCOSAIOutputFreq_Value=98000000
RCC.VCOSAIOutputFreq_ValueQ=24500000
RCC.VCOSAIOutputFreq_ValueR=49000000
RCC.VcooutputI2S=192000000
RCC.VcooutputI2SQ=192000000
SH.SharedAnalog_PB0.0=GPIO_Analog
SH.SharedAnalog_PB0.1=ADC1_IN8,IN8
SH.SharedAnalog_PB0.ConfNb=2
SH.SharedAnalog_PB1.0=GPIO_Analog
SH.SharedAnalog_PB1.1=ADC1_IN9,IN9
SH.SharedAnalog_PB1.ConfNb=2
SPI1.CalculateBaudRate=8.0 MBits/s
SPI1.Direction=SPI_DIRECTION_2LINES
SPI1.IPParameters=VirtualType,Mode,Direction,CalculateBaudRate
SPI1.Mode=SPI_MODE_MASTER
SPI1.VirtualType=VM_MASTER
SPI3.CalculateBaudRate=8.0 MBits/s
SPI3.Direction=SPI_DIRECTION_2LINES
SPI3.IPParameters=VirtualType,Mode,Direction,CalculateBaudRate
SPI3.Mode=SPI_MODE_MASTER
SPI3.VirtualType=VM_MASTER
USART2.IPParameters=VirtualMode
USART2.VirtualMode=VM_ASYNC
USART6.IPParameters=VirtualMode
USART6.VirtualMode=VM_ASYNC
USB_OTG_FS.IPParameters=VirtualMode,phy_itface
USB_OTG_FS.VirtualMode=Host_Only
USB_OTG_FS.phy_itface=HCD_PHY_EMBEDDED
VP_FREERTOS_VS_CMSIS_V1.Mode=CMSIS_V1
VP_FREERTOS_VS_CMSIS_V1.Signal=FREERTOS_VS_CMSIS_V1
VP_SYS_VS_tim1.Mode=TIM1
VP_SYS_VS_tim1.Signal=SYS_VS_tim1
board=custom
